PODS:
  - MobileVLCKit (3.7.2)
  - SSZipArchive (2.6.0)
  - SwiftSoup (2.11.3)

DEPENDENCIES:
  - MobileVLCKit
  - SSZipArchive
  - SwiftSoup

SPEC REPOS:
  trunk:
    - MobileVLCKit
    - SSZipArchive
    - SwiftSoup

SPEC CHECKSUMS:
  MobileVLCKit: 216c67d556bed3c366ccbca21388304f25a37196
  SSZipArchive: 8a6ee5677c8e304bebc109e39cf0da91ccef22ea
  SwiftSoup: 959c9ac70d7053fbf476341bfac90ab228523f2a

PODFILE CHECKSUM: 07d652d6a0791b1b853b7a47c6f76efcbfbe8ed8

COCOAPODS: 1.16.2
