PODS:
  - google-cast-sdk (4.8.4)
  - MobileVLCKit (3.7.2)
  - SSZipArchive (2.6.0)
  - SwiftSoup (2.11.3)

DEPENDENCIES:
  - google-cast-sdk
  - MobileVLCKit
  - SSZipArchive
  - SwiftSoup

SPEC REPOS:
  trunk:
    - google-cast-sdk
    - MobileVLCKit
    - SSZipArchive
    - SwiftSoup

SPEC CHECKSUMS:
  google-cast-sdk: 32f65af50d164e3c475e79ad123db3cc26fbcd37
  MobileVLCKit: 216c67d556bed3c366ccbca21388304f25a37196
  SSZipArchive: 8a6ee5677c8e304bebc109e39cf0da91ccef22ea
  SwiftSoup: 959c9ac70d7053fbf476341bfac90ab228523f2a

PODFILE CHECKSUM: d414c1246f7dc1fec57acf31663691f4a71b44de

COCOAPODS: 1.16.2
